// !$*UTF8*$!
{
	archiveVersion = 1;
	classes = {
	};
	objectVersion = 50;
	objects = {

/* Begin PBXBuildFile section */
		7318AA1E25CFC33D00C048DF /* AppDelegate.m in Sources */ = {isa = PBXBuildFile; fileRef = 7318AA1D25CFC33D00C048DF /* AppDelegate.m */; };
		7318AA2125CFC33D00C048DF /* SceneDelegate.m in Sources */ = {isa = PBXBuildFile; fileRef = 7318AA2025CFC33D00C048DF /* SceneDelegate.m */; };
		7318AA2425CFC33E00C048DF /* ViewController.m in Sources */ = {isa = PBXBuildFile; fileRef = 7318AA2325CFC33E00C048DF /* ViewController.m */; };
		7318AA2725CFC33E00C048DF /* Main.storyboard in Resources */ = {isa = PBXBuildFile; fileRef = 7318AA2525CFC33E00C048DF /* Main.storyboard */; };
		7318AA2925CFC34000C048DF /* Assets.xcassets in Resources */ = {isa = PBXBuildFile; fileRef = 7318AA2825CFC34000C048DF /* Assets.xcassets */; };
		7318AA2C25CFC34000C048DF /* LaunchScreen.storyboard in Resources */ = {isa = PBXBuildFile; fileRef = 7318AA2A25CFC34000C048DF /* LaunchScreen.storyboard */; };
		7318AA2F25CFC34000C048DF /* main.m in Sources */ = {isa = PBXBuildFile; fileRef = 7318AA2E25CFC34000C048DF /* main.m */; };
		7318AA3925CFC34100C048DF /* ATests.m in Sources */ = {isa = PBXBuildFile; fileRef = 7318AA3825CFC34100C048DF /* ATests.m */; };
		7318AA4425CFC34100C048DF /* AUITests.m in Sources */ = {isa = PBXBuildFile; fileRef = 7318AA4325CFC34100C048DF /* AUITests.m */; };
/* End PBXBuildFile section */

/* Begin PBXContainerItemProxy section */
		7318AA3525CFC34100C048DF /* PBXContainerItemProxy */ = {
			isa = PBXContainerItemProxy;
			containerPortal = 7318AA1125CFC33D00C048DF /* Project object */;
			proxyType = 1;
			remoteGlobalIDString = 7318AA1825CFC33D00C048DF;
			remoteInfo = A;
		};
		7318AA4025CFC34100C048DF /* PBXContainerItemProxy */ = {
			isa = PBXContainerItemProxy;
			containerPortal = 7318AA1125CFC33D00C048DF /* Project object */;
			proxyType = 1;
			remoteGlobalIDString = 7318AA1825CFC33D00C048DF;
			remoteInfo = A;
		};
/* End PBXContainerItemProxy section */

/* Begin PBXFileReference section */
		7318AA1925CFC33D00C048DF /* A.app */ = {isa = PBXFileReference; explicitFileType = wrapper.application; includeInIndex = 0; path = A.app; sourceTree = BUILT_PRODUCTS_DIR; };
		7318AA1C25CFC33D00C048DF /* AppDelegate.h */ = {isa = PBXFileReference; lastKnownFileType = sourcecode.c.h; path = AppDelegate.h; sourceTree = "<group>"; };
		7318AA1D25CFC33D00C048DF /* AppDelegate.m */ = {isa = PBXFileReference; lastKnownFileType = sourcecode.c.objc; path = AppDelegate.m; sourceTree = "<group>"; };
		7318AA1F25CFC33D00C048DF /* SceneDelegate.h */ = {isa = PBXFileReference; lastKnownFileType = sourcecode.c.h; path = SceneDelegate.h; sourceTree = "<group>"; };
		7318AA2025CFC33D00C048DF /* SceneDelegate.m */ = {isa = PBXFileReference; lastKnownFileType = sourcecode.c.objc; path = SceneDelegate.m; sourceTree = "<group>"; };
		7318AA2225CFC33E00C048DF /* ViewController.h */ = {isa = PBXFileReference; lastKnownFileType = sourcecode.c.h; path = ViewController.h; sourceTree = "<group>"; };
		7318AA2325CFC33E00C048DF /* ViewController.m */ = {isa = PBXFileReference; lastKnownFileType = sourcecode.c.objc; path = ViewController.m; sourceTree = "<group>"; };
		7318AA2625CFC33E00C048DF /* Base */ = {isa = PBXFileReference; lastKnownFileType = file.storyboard; name = Base; path = Base.lproj/Main.storyboard; sourceTree = "<group>"; };
		7318AA2825CFC34000C048DF /* Assets.xcassets */ = {isa = PBXFileReference; lastKnownFileType = folder.assetcatalog; path = Assets.xcassets; sourceTree = "<group>"; };
		7318AA2B25CFC34000C048DF /* Base */ = {isa = PBXFileReference; lastKnownFileType = file.storyboard; name = Base; path = Base.lproj/LaunchScreen.storyboard; sourceTree = "<group>"; };
		7318AA2D25CFC34000C048DF /* Info.plist */ = {isa = PBXFileReference; lastKnownFileType = text.plist.xml; path = Info.plist; sourceTree = "<group>"; };
		7318AA2E25CFC34000C048DF /* main.m */ = {isa = PBXFileReference; lastKnownFileType = sourcecode.c.objc; path = main.m; sourceTree = "<group>"; };
		7318AA3425CFC34100C048DF /* ATests.xctest */ = {isa = PBXFileReference; explicitFileType = wrapper.cfbundle; includeInIndex = 0; path = ATests.xctest; sourceTree = BUILT_PRODUCTS_DIR; };
		7318AA3825CFC34100C048DF /* ATests.m */ = {isa = PBXFileReference; lastKnownFileType = sourcecode.c.objc; path = ATests.m; sourceTree = "<group>"; };
		7318AA3A25CFC34100C048DF /* Info.plist */ = {isa = PBXFileReference; lastKnownFileType = text.plist.xml; path = Info.plist; sourceTree = "<group>"; };
		7318AA3F25CFC34100C048DF /* AUITests.xctest */ = {isa = PBXFileReference; explicitFileType = wrapper.cfbundle; includeInIndex = 0; path = AUITests.xctest; sourceTree = BUILT_PRODUCTS_DIR; };
		7318AA4325CFC34100C048DF /* AUITests.m */ = {isa = PBXFileReference; lastKnownFileType = sourcecode.c.objc; path = AUITests.m; sourceTree = "<group>"; };
		7318AA4525CFC34100C048DF /* Info.plist */ = {isa = PBXFileReference; lastKnownFileType = text.plist.xml; path = Info.plist; sourceTree = "<group>"; };
/* End PBXFileReference section */

/* Begin PBXFrameworksBuildPhase section */
		7318AA1625CFC33D00C048DF /* Frameworks */ = {
			isa = PBXFrameworksBuildPhase;
			buildActionMask = 2147483647;
			files = (
			);
			runOnlyForDeploymentPostprocessing = 0;
		};
		7318AA3125CFC34100C048DF /* Frameworks */ = {
			isa = PBXFrameworksBuildPhase;
			buildActionMask = 2147483647;
			files = (
			);
			runOnlyForDeploymentPostprocessing = 0;
		};
		7318AA3C25CFC34100C048DF /* Frameworks */ = {
			isa = PBXFrameworksBuildPhase;
			buildActionMask = 2147483647;
			files = (
			);
			runOnlyForDeploymentPostprocessing = 0;
		};
/* End PBXFrameworksBuildPhase section */

/* Begin PBXGroup section */
		7318AA1025CFC33D00C048DF = {
			isa = PBXGroup;
			children = (
				7318AA1B25CFC33D00C048DF /* A */,
				7318AA3725CFC34100C048DF /* ATests */,
				7318AA4225CFC34100C048DF /* AUITests */,
				7318AA1A25CFC33D00C048DF /* Products */,
			);
			sourceTree = "<group>";
		};
		7318AA1A25CFC33D00C048DF /* Products */ = {
			isa = PBXGroup;
			children = (
				7318AA1925CFC33D00C048DF /* A.app */,
				7318AA3425CFC34100C048DF /* ATests.xctest */,
				7318AA3F25CFC34100C048DF /* AUITests.xctest */,
			);
			name = Products;
			sourceTree = "<group>";
		};
		7318AA1B25CFC33D00C048DF /* A */ = {
			isa = PBXGroup;
			children = (
				7318AA1C25CFC33D00C048DF /* AppDelegate.h */,
				7318AA1D25CFC33D00C048DF /* AppDelegate.m */,
				7318AA1F25CFC33D00C048DF /* SceneDelegate.h */,
				7318AA2025CFC33D00C048DF /* SceneDelegate.m */,
				7318AA2225CFC33E00C048DF /* ViewController.h */,
				7318AA2325CFC33E00C048DF /* ViewController.m */,
				7318AA2525CFC33E00C048DF /* Main.storyboard */,
				7318AA2825CFC34000C048DF /* Assets.xcassets */,
				7318AA2A25CFC34000C048DF /* LaunchScreen.storyboard */,
				7318AA2D25CFC34000C048DF /* Info.plist */,
				7318AA2E25CFC34000C048DF /* main.m */,
			);
			path = A;
			sourceTree = "<group>";
		};
		7318AA3725CFC34100C048DF /* ATests */ = {
			isa = PBXGroup;
			children = (
				7318AA3825CFC34100C048DF /* ATests.m */,
				7318AA3A25CFC34100C048DF /* Info.plist */,
			);
			path = ATests;
			sourceTree = "<group>";
		};
		7318AA4225CFC34100C048DF /* AUITests */ = {
			isa = PBXGroup;
			children = (
				7318AA4325CFC34100C048DF /* AUITests.m */,
				7318AA4525CFC34100C048DF /* Info.plist */,
			);
			path = AUITests;
			sourceTree = "<group>";
		};
/* End PBXGroup section */

/* Begin PBXNativeTarget section */
		7318AA1825CFC33D00C048DF /* A */ = {
			isa = PBXNativeTarget;
			buildConfigurationList = 7318AA4825CFC34100C048DF /* Build configuration list for PBXNativeTarget "A" */;
			buildPhases = (
				7318AA1525CFC33D00C048DF /* Sources */,
				7318AA1625CFC33D00C048DF /* Frameworks */,
				7318AA1725CFC33D00C048DF /* Resources */,
			);
			buildRules = (
			);
			dependencies = (
			);
			name = A;
			productName = A;
			productReference = 7318AA1925CFC33D00C048DF /* A.app */;
			productType = "com.apple.product-type.application";
		};
		7318AA3325CFC34100C048DF /* ATests */ = {
			isa = PBXNativeTarget;
			buildConfigurationList = 7318AA4B25CFC34100C048DF /* Build configuration list for PBXNativeTarget "ATests" */;
			buildPhases = (
				7318AA3025CFC34100C048DF /* Sources */,
				7318AA3125CFC34100C048DF /* Frameworks */,
				7318AA3225CFC34100C048DF /* Resources */,
			);
			buildRules = (
			);
			dependencies = (
				7318AA3625CFC34100C048DF /* PBXTargetDependency */,
			);
			name = ATests;
			productName = ATests;
			productReference = 7318AA3425CFC34100C048DF /* ATests.xctest */;
			productType = "com.apple.product-type.bundle.unit-test";
		};
		7318AA3E25CFC34100C048DF /* AUITests */ = {
			isa = PBXNativeTarget;
			buildConfigurationList = 7318AA4E25CFC34100C048DF /* Build configuration list for PBXNativeTarget "AUITests" */;
			buildPhases = (
				7318AA3B25CFC34100C048DF /* Sources */,
				7318AA3C25CFC34100C048DF /* Frameworks */,
				7318AA3D25CFC34100C048DF /* Resources */,
			);
			buildRules = (
			);
			dependencies = (
				7318AA4125CFC34100C048DF /* PBXTargetDependency */,
			);
			name = AUITests;
			productName = AUITests;
			productReference = 7318AA3F25CFC34100C048DF /* AUITests.xctest */;
			productType = "com.apple.product-type.bundle.ui-testing";
		};
/* End PBXNativeTarget section */

/* Begin PBXProject section */
		7318AA1125CFC33D00C048DF /* Project object */ = {
			isa = PBXProject;
			attributes = {
				LastUpgradeCheck = 1220;
				TargetAttributes = {
					7318AA1825CFC33D00C048DF = {
						CreatedOnToolsVersion = 12.2;
					};
					7318AA3325CFC34100C048DF = {
						CreatedOnToolsVersion = 12.2;
						TestTargetID = 7318AA1825CFC33D00C048DF;
					};
					7318AA3E25CFC34100C048DF = {
						CreatedOnToolsVersion = 12.2;
						TestTargetID = 7318AA1825CFC33D00C048DF;
					};
				};
			};
			buildConfigurationList = 7318AA1425CFC33D00C048DF /* Build configuration list for PBXProject "A" */;
			compatibilityVersion = "Xcode 9.3";
			developmentRegion = en;
			hasScannedForEncodings = 0;
			knownRegions = (
				en,
				Base,
			);
			mainGroup = 7318AA1025CFC33D00C048DF;
			productRefGroup = 7318AA1A25CFC33D00C048DF /* Products */;
			projectDirPath = "";
			projectRoot = "";
			targets = (
				7318AA1825CFC33D00C048DF /* A */,
				7318AA3325CFC34100C048DF /* ATests */,
				7318AA3E25CFC34100C048DF /* AUITests */,
			);
		};
/* End PBXProject section */

/* Begin PBXResourcesBuildPhase section */
		7318AA1725CFC33D00C048DF /* Resources */ = {
			isa = PBXResourcesBuildPhase;
			buildActionMask = 2147483647;
			files = (
				7318AA2C25CFC34000C048DF /* LaunchScreen.storyboard in Resources */,
				7318AA2925CFC34000C048DF /* Assets.xcassets in Resources */,
				7318AA2725CFC33E00C048DF /* Main.storyboard in Resources */,
			);
			runOnlyForDeploymentPostprocessing = 0;
		};
		7318AA3225CFC34100C048DF /* Resources */ = {
			isa = PBXResourcesBuildPhase;
			buildActionMask = 2147483647;
			files = (
			);
			runOnlyForDeploymentPostprocessing = 0;
		};
		7318AA3D25CFC34100C048DF /* Resources */ = {
			isa = PBXResourcesBuildPhase;
			buildActionMask = 2147483647;
			files = (
			);
			runOnlyForDeploymentPostprocessing = 0;
		};
/* End PBXResourcesBuildPhase section */

/* Begin PBXSourcesBuildPhase section */
		7318AA1525CFC33D00C048DF /* Sources */ = {
			isa = PBXSourcesBuildPhase;
			buildActionMask = 2147483647;
			files = (
				7318AA2425CFC33E00C048DF /* ViewController.m in Sources */,
				7318AA1E25CFC33D00C048DF /* AppDelegate.m in Sources */,
				7318AA2F25CFC34000C048DF /* main.m in Sources */,
				7318AA2125CFC33D00C048DF /* SceneDelegate.m in Sources */,
			);
			runOnlyForDeploymentPostprocessing = 0;
		};
		7318AA3025CFC34100C048DF /* Sources */ = {
			isa = PBXSourcesBuildPhase;
			buildActionMask = 2147483647;
			files = (
				7318AA3925CFC34100C048DF /* ATests.m in Sources */,
			);
			runOnlyForDeploymentPostprocessing = 0;
		};
		7318AA3B25CFC34100C048DF /* Sources */ = {
			isa = PBXSourcesBuildPhase;
			buildActionMask = 2147483647;
			files = (
				7318AA4425CFC34100C048DF /* AUITests.m in Sources */,
			);
			runOnlyForDeploymentPostprocessing = 0;
		};
/* End PBXSourcesBuildPhase section */

/* Begin PBXTargetDependency section */
		7318AA3625CFC34100C048DF /* PBXTargetDependency */ = {
			isa = PBXTargetDependency;
			target = 7318AA1825CFC33D00C048DF /* A */;
			targetProxy = 7318AA3525CFC34100C048DF /* PBXContainerItemProxy */;
		};
		7318AA4125CFC34100C048DF /* PBXTargetDependency */ = {
			isa = PBXTargetDependency;
			target = 7318AA1825CFC33D00C048DF /* A */;
			targetProxy = 7318AA4025CFC34100C048DF /* PBXContainerItemProxy */;
		};
/* End PBXTargetDependency section */

/* Begin PBXVariantGroup section */
		7318AA2525CFC33E00C048DF /* Main.storyboard */ = {
			isa = PBXVariantGroup;
			children = (
				7318AA2625CFC33E00C048DF /* Base */,
			);
			name = Main.storyboard;
			sourceTree = "<group>";
		};
		7318AA2A25CFC34000C048DF /* LaunchScreen.storyboard */ = {
			isa = PBXVariantGroup;
			children = (
				7318AA2B25CFC34000C048DF /* Base */,
			);
			name = LaunchScreen.storyboard;
			sourceTree = "<group>";
		};
/* End PBXVariantGroup section */

/* Begin XCBuildConfiguration section */
		7318AA4625CFC34100C048DF /* Debug */ = {
			isa = XCBuildConfiguration;
			buildSettings = {
				ALWAYS_SEARCH_USER_PATHS = NO;
				CLANG_ANALYZER_NONNULL = YES;
				CLANG_ANALYZER_NUMBER_OBJECT_CONVERSION = YES_AGGRESSIVE;
				CLANG_CXX_LANGUAGE_STANDARD = "gnu++14";
				CLANG_CXX_LIBRARY = "libc++";
				CLANG_ENABLE_MODULES = YES;
				CLANG_ENABLE_OBJC_ARC = YES;
				CLANG_ENABLE_OBJC_WEAK = YES;
				CLANG_WARN_BLOCK_CAPTURE_AUTORELEASING = YES;
				CLANG_WARN_BOOL_CONVERSION = YES;
				CLANG_WARN_COMMA = YES;
				CLANG_WARN_CONSTANT_CONVERSION = YES;
				CLANG_WARN_DEPRECATED_OBJC_IMPLEMENTATIONS = YES;
				CLANG_WARN_DIRECT_OBJC_ISA_USAGE = YES_ERROR;
				CLANG_WARN_DOCUMENTATION_COMMENTS = YES;
				CLANG_WARN_EMPTY_BODY = YES;
				CLANG_WARN_ENUM_CONVERSION = YES;
				CLANG_WARN_INFINITE_RECURSION = YES;
				CLANG_WARN_INT_CONVERSION = YES;
				CLANG_WARN_NON_LITERAL_NULL_CONVERSION = YES;
				CLANG_WARN_OBJC_IMPLICIT_RETAIN_SELF = YES;
				CLANG_WARN_OBJC_LITERAL_CONVERSION = YES;
				CLANG_WARN_OBJC_ROOT_CLASS = YES_ERROR;
				CLANG_WARN_QUOTED_INCLUDE_IN_FRAMEWORK_HEADER = YES;
				CLANG_WARN_RANGE_LOOP_ANALYSIS = YES;
				CLANG_WARN_STRICT_PROTOTYPES = YES;
				CLANG_WARN_SUSPICIOUS_MOVE = YES;
				CLANG_WARN_UNGUARDED_AVAILABILITY = YES_AGGRESSIVE;
				CLANG_WARN_UNREACHABLE_CODE = YES;
				CLANG_WARN__DUPLICATE_METHOD_MATCH = YES;
				COPY_PHASE_STRIP = NO;
				DEBUG_INFORMATION_FORMAT = dwarf;
				ENABLE_STRICT_OBJC_MSGSEND = YES;
				ENABLE_TESTABILITY = YES;
				GCC_C_LANGUAGE_STANDARD = gnu11;
				GCC_DYNAMIC_NO_PIC = NO;
				GCC_NO_COMMON_BLOCKS = YES;
				GCC_OPTIMIZATION_LEVEL = 0;
				GCC_PREPROCESSOR_DEFINITIONS = (
					"DEBUG=1",
					"$(inherited)",
				);
				GCC_WARN_64_TO_32_BIT_CONVERSION = YES;
				GCC_WARN_ABOUT_RETURN_TYPE = YES_ERROR;
				GCC_WARN_UNDECLARED_SELECTOR = YES;
				GCC_WARN_UNINITIALIZED_AUTOS = YES_AGGRESSIVE;
				GCC_WARN_UNUSED_FUNCTION = YES;
				GCC_WARN_UNUSED_VARIABLE = YES;
				IPHONEOS_DEPLOYMENT_TARGET = 14.2;
				MTL_ENABLE_DEBUG_INFO = INCLUDE_SOURCE;
				MTL_FAST_MATH = YES;
				ONLY_ACTIVE_ARCH = YES;
				SDKROOT = iphoneos;
			};
			name = Debug;
		};
		7318AA4725CFC34100C048DF /* Release */ = {
			isa = XCBuildConfiguration;
			buildSettings = {
				ALWAYS_SEARCH_USER_PATHS = NO;
				CLANG_ANALYZER_NONNULL = YES;
				CLANG_ANALYZER_NUMBER_OBJECT_CONVERSION = YES_AGGRESSIVE;
				CLANG_CXX_LANGUAGE_STANDARD = "gnu++14";
				CLANG_CXX_LIBRARY = "libc++";
				CLANG_ENABLE_MODULES = YES;
				CLANG_ENABLE_OBJC_ARC = YES;
				CLANG_ENABLE_OBJC_WEAK = YES;
				CLANG_WARN_BLOCK_CAPTURE_AUTORELEASING = YES;
				CLANG_WARN_BOOL_CONVERSION = YES;
				CLANG_WARN_COMMA = YES;
				CLANG_WARN_CONSTANT_CONVERSION = YES;
				CLANG_WARN_DEPRECATED_OBJC_IMPLEMENTATIONS = YES;
				CLANG_WARN_DIRECT_OBJC_ISA_USAGE = YES_ERROR;
				CLANG_WARN_DOCUMENTATION_COMMENTS = YES;
				CLANG_WARN_EMPTY_BODY = YES;
				CLANG_WARN_ENUM_CONVERSION = YES;
				CLANG_WARN_INFINITE_RECURSION = YES;
				CLANG_WARN_INT_CONVERSION = YES;
				CLANG_WARN_NON_LITERAL_NULL_CONVERSION = YES;
				CLANG_WARN_OBJC_IMPLICIT_RETAIN_SELF = YES;
				CLANG_WARN_OBJC_LITERAL_CONVERSION = YES;
				CLANG_WARN_OBJC_ROOT_CLASS = YES_ERROR;
				CLANG_WARN_QUOTED_INCLUDE_IN_FRAMEWORK_HEADER = YES;
				CLANG_WARN_RANGE_LOOP_ANALYSIS = YES;
				CLANG_WARN_STRICT_PROTOTYPES = YES;
				CLANG_WARN_SUSPICIOUS_MOVE = YES;
				CLANG_WARN_UNGUARDED_AVAILABILITY = YES_AGGRESSIVE;
				CLANG_WARN_UNREACHABLE_CODE = YES;
				CLANG_WARN__DUPLICATE_METHOD_MATCH = YES;
				COPY_PHASE_STRIP = NO;
				DEBUG_INFORMATION_FORMAT = "dwarf-with-dsym";
				ENABLE_NS_ASSERTIONS = NO;
				ENABLE_STRICT_OBJC_MSGSEND = YES;
				GCC_C_LANGUAGE_STANDARD = gnu11;
				GCC_NO_COMMON_BLOCKS = YES;
				GCC_WARN_64_TO_32_BIT_CONVERSION = YES;
				GCC_WARN_ABOUT_RETURN_TYPE = YES_ERROR;
				GCC_WARN_UNDECLARED_SELECTOR = YES;
				GCC_WARN_UNINITIALIZED_AUTOS = YES_AGGRESSIVE;
				GCC_WARN_UNUSED_FUNCTION = YES;
				GCC_WARN_UNUSED_VARIABLE = YES;
				IPHONEOS_DEPLOYMENT_TARGET = 14.2;
				MTL_ENABLE_DEBUG_INFO = NO;
				MTL_FAST_MATH = YES;
				SDKROOT = iphoneos;
				VALIDATE_PRODUCT = YES;
			};
			name = Release;
		};
		7318AA4925CFC34100C048DF /* Debug */ = {
			isa = XCBuildConfiguration;
			buildSettings = {
				ASSETCATALOG_COMPILER_APPICON_NAME = AppIcon;
				ASSETCATALOG_COMPILER_GLOBAL_ACCENT_COLOR_NAME = AccentColor;
				CODE_SIGN_STYLE = Automatic;
				INFOPLIST_FILE = A/Info.plist;
				LD_RUNPATH_SEARCH_PATHS = (
					"$(inherited)",
					"@executable_path/Frameworks",
				);
				PRODUCT_BUNDLE_IDENTIFIER = "-2.A";
				PRODUCT_NAME = "$(TARGET_NAME)";
				TARGETED_DEVICE_FAMILY = "1,2";
			};
			name = Debug;
		};
		7318AA4A25CFC34100C048DF /* Release */ = {
			isa = XCBuildConfiguration;
			buildSettings = {
				ASSETCATALOG_COMPILER_APPICON_NAME = AppIcon;
				ASSETCATALOG_COMPILER_GLOBAL_ACCENT_COLOR_NAME = AccentColor;
				CODE_SIGN_STYLE = Automatic;
				INFOPLIST_FILE = A/Info.plist;
				LD_RUNPATH_SEARCH_PATHS = (
					"$(inherited)",
					"@executable_path/Frameworks",
				);
				PRODUCT_BUNDLE_IDENTIFIER = "-2.A";
				PRODUCT_NAME = "$(TARGET_NAME)";
				TARGETED_DEVICE_FAMILY = "1,2";
			};
			name = Release;
		};
		7318AA4C25CFC34100C048DF /* Debug */ = {
			isa = XCBuildConfiguration;
			buildSettings = {
				BUNDLE_LOADER = "$(TEST_HOST)";
				CODE_SIGN_STYLE = Automatic;
				INFOPLIST_FILE = ATests/Info.plist;
				IPHONEOS_DEPLOYMENT_TARGET = 14.2;
				LD_RUNPATH_SEARCH_PATHS = (
					"$(inherited)",
					"@executable_path/Frameworks",
					"@loader_path/Frameworks",
				);
				PRODUCT_BUNDLE_IDENTIFIER = "-2.ATests";
				PRODUCT_NAME = "$(TARGET_NAME)";
				TARGETED_DEVICE_FAMILY = "1,2";
				TEST_HOST = "$(BUILT_PRODUCTS_DIR)/A.app/A";
			};
			name = Debug;
		};
		7318AA4D25CFC34100C048DF /* Release */ = {
			isa = XCBuildConfiguration;
			buildSettings = {
				BUNDLE_LOADER = "$(TEST_HOST)";
				CODE_SIGN_STYLE = Automatic;
				INFOPLIST_FILE = ATests/Info.plist;
				IPHONEOS_DEPLOYMENT_TARGET = 14.2;
				LD_RUNPATH_SEARCH_PATHS = (
					"$(inherited)",
					"@executable_path/Frameworks",
					"@loader_path/Frameworks",
				);
				PRODUCT_BUNDLE_IDENTIFIER = "-2.ATests";
				PRODUCT_NAME = "$(TARGET_NAME)";
				TARGETED_DEVICE_FAMILY = "1,2";
				TEST_HOST = "$(BUILT_PRODUCTS_DIR)/A.app/A";
			};
			name = Release;
		};
		7318AA4F25CFC34100C048DF /* Debug */ = {
			isa = XCBuildConfiguration;
			buildSettings = {
				CODE_SIGN_STYLE = Automatic;
				INFOPLIST_FILE = AUITests/Info.plist;
				LD_RUNPATH_SEARCH_PATHS = (
					"$(inherited)",
					"@executable_path/Frameworks",
					"@loader_path/Frameworks",
				);
				PRODUCT_BUNDLE_IDENTIFIER = "-2.AUITests";
				PRODUCT_NAME = "$(TARGET_NAME)";
				TARGETED_DEVICE_FAMILY = "1,2";
				TEST_TARGET_NAME = A;
			};
			name = Debug;
		};
		7318AA5025CFC34100C048DF /* Release */ = {
			isa = XCBuildConfiguration;
			buildSettings = {
				CODE_SIGN_STYLE = Automatic;
				INFOPLIST_FILE = AUITests/Info.plist;
				LD_RUNPATH_SEARCH_PATHS = (
					"$(inherited)",
					"@executable_path/Frameworks",
					"@loader_path/Frameworks",
				);
				PRODUCT_BUNDLE_IDENTIFIER = "-2.AUITests";
				PRODUCT_NAME = "$(TARGET_NAME)";
				TARGETED_DEVICE_FAMILY = "1,2";
				TEST_TARGET_NAME = A;
			};
			name = Release;
		};
/* End XCBuildConfiguration section */

/* Begin XCConfigurationList section */
		7318AA1425CFC33D00C048DF /* Build configuration list for PBXProject "A" */ = {
			isa = XCConfigurationList;
			buildConfigurations = (
				7318AA4625CFC34100C048DF /* Debug */,
				7318AA4725CFC34100C048DF /* Release */,
			);
			defaultConfigurationIsVisible = 0;
			defaultConfigurationName = Release;
		};
		7318AA4825CFC34100C048DF /* Build configuration list for PBXNativeTarget "A" */ = {
			isa = XCConfigurationList;
			buildConfigurations = (
				7318AA4925CFC34100C048DF /* Debug */,
				7318AA4A25CFC34100C048DF /* Release */,
			);
			defaultConfigurationIsVisible = 0;
			defaultConfigurationName = Release;
		};
		7318AA4B25CFC34100C048DF /* Build configuration list for PBXNativeTarget "ATests" */ = {
			isa = XCConfigurationList;
			buildConfigurations = (
				7318AA4C25CFC34100C048DF /* Debug */,
				7318AA4D25CFC34100C048DF /* Release */,
			);
			defaultConfigurationIsVisible = 0;
			defaultConfigurationName = Release;
		};
		7318AA4E25CFC34100C048DF /* Build configuration list for PBXNativeTarget "AUITests" */ = {
			isa = XCConfigurationList;
			buildConfigurations = (
				7318AA4F25CFC34100C048DF /* Debug */,
				7318AA5025CFC34100C048DF /* Release */,
			);
			defaultConfigurationIsVisible = 0;
			defaultConfigurationName = Release;
		};
/* End XCConfigurationList section */
	};
	rootObject = 7318AA1125CFC33D00C048DF /* Project object */;
}
